
Microsoft Visual Studio Solution File, Format Version 12.00
# Visual Studio 15
VisualStudioVersion = 15.0.28307.1622
MinimumVisualStudioVersion = 10.0.40219.1
Project("{FAE04EC0-301F-11D3-BF4B-00C04F79EFBC}") = "Regular Expression", "Regular Expression\Regular Expression.csproj", "{A0121287-3155-4796-B8DE-C818D61404ED}"
EndProject
Global
	GlobalSection(SolutionConfigurationPlatforms) = preSolution
		Debug|Any CPU = Debug|Any CPU
		Release|Any CPU = Release|Any CPU
	EndGlobalSection
	GlobalSection(ProjectConfigurationPlatforms) = postSolution
		{A0121287-3155-4796-B8DE-C818D61404ED}.Debug|Any CPU.ActiveCfg = Debug|Any CPU
		{A0121287-3155-4796-B8DE-C818D61404ED}.Debug|Any CPU.Build.0 = Debug|Any CPU
		{A0121287-3155-4796-B8DE-C818D61404ED}.Release|Any CPU.ActiveCfg = Release|Any CPU
		{A0121287-3155-4796-B8DE-C818D61404ED}.Release|Any CPU.Build.0 = Release|Any CPU
	EndGlobalSection
	GlobalSection(SolutionProperties) = preSolution
		HideSolutionNode = FALSE
	EndGlobalSection
	GlobalSection(ExtensibilityGlobals) = postSolution
		SolutionGuid = {1F20C982-C874-4910-910A-A6C493BF8B00}
	EndGlobalSection
EndGlobal
